
Microsoft Visual Studio Solution File, Format Version 12.00
# Visual Studio Version 16
VisualStudioVersion = 25.0.1706.3
MinimumVisualStudioVersion = 10.0.40219.1
Project("{FAE04EC0-301F-11D3-BF4B-00C04F79EFBC}") = "ex17", "ex17\ex17.csproj", "{9C433920-D594-4763-A1CC-892325E86D15}"
EndProject
Global
	GlobalSection(SolutionConfigurationPlatforms) = preSolution
		Debug|Any CPU = Debug|Any CPU
		Release|Any CPU = Release|Any CPU
	EndGlobalSection
	GlobalSection(ProjectConfigurationPlatforms) = postSolution
		{9C433920-D594-4763-A1CC-892325E86D15}.Debug|Any CPU.ActiveCfg = Debug|Any CPU
		{9C433920-D594-4763-A1CC-892325E86D15}.Debug|Any CPU.Build.0 = Debug|Any CPU
		{9C433920-D594-4763-A1CC-892325E86D15}.Release|Any CPU.ActiveCfg = Release|Any CPU
		{9C433920-D594-4763-A1CC-892325E86D15}.Release|Any CPU.Build.0 = Release|Any CPU
	EndGlobalSection
	GlobalSection(SolutionProperties) = preSolution
		HideSolutionNode = FALSE
	EndGlobalSection
	GlobalSection(ExtensibilityGlobals) = postSolution
		SolutionGuid = {E7807E79-DCE9-4F3F-9C5C-1D5DC1B1DB47}
	EndGlobalSection
EndGlobal
