
Microsoft Visual Studio Solution File, Format Version 12.00
# Visual Studio Version 16
VisualStudioVersion = 25.0.1706.3
MinimumVisualStudioVersion = 10.0.40219.1
Project("{FAE04EC0-301F-11D3-BF4B-00C04F79EFBC}") = "ex14", "ex14\ex14.csproj", "{09F99BB6-1CE4-4A56-979B-B494B9E83DBC}"
EndProject
Global
	GlobalSection(SolutionConfigurationPlatforms) = preSolution
		Debug|Any CPU = Debug|Any CPU
		Release|Any CPU = Release|Any CPU
	EndGlobalSection
	GlobalSection(ProjectConfigurationPlatforms) = postSolution
		{09F99BB6-1CE4-4A56-979B-B494B9E83DBC}.Debug|Any CPU.ActiveCfg = Debug|Any CPU
		{09F99BB6-1CE4-4A56-979B-B494B9E83DBC}.Debug|Any CPU.Build.0 = Debug|Any CPU
		{09F99BB6-1CE4-4A56-979B-B494B9E83DBC}.Release|Any CPU.ActiveCfg = Release|Any CPU
		{09F99BB6-1CE4-4A56-979B-B494B9E83DBC}.Release|Any CPU.Build.0 = Release|Any CPU
	EndGlobalSection
	GlobalSection(SolutionProperties) = preSolution
		HideSolutionNode = FALSE
	EndGlobalSection
	GlobalSection(ExtensibilityGlobals) = postSolution
		SolutionGuid = {D4D93813-4960-47D3-BA0B-834AC2D4BE16}
	EndGlobalSection
EndGlobal
